
Microsoft Visual Studio Solution File, Format Version 11.00
# Visual Studio 2010
Project("{FAE04EC0-301F-11D3-BF4B-00C04F79EFBC}") = "AnimatedSprites", "AnimatedSprites\AnimatedSprites\AnimatedSprites.csproj", "{BF7B350D-943B-467A-BBE2-A78D081C69EB}"
EndProject
Project("{96E2B04D-8817-42C6-938A-82C39BA4D311}") = "AnimatedSpritesContent", "AnimatedSprites\AnimatedSpritesContent\AnimatedSpritesContent.contentproj", "{53DA590E-DC39-403C-B2AE-574BB5B21A7F}"
EndProject
Global
	GlobalSection(SolutionConfigurationPlatforms) = preSolution
		Debug|x86 = Debug|x86
		Release|x86 = Release|x86
	EndGlobalSection
	GlobalSection(ProjectConfigurationPlatforms) = postSolution
		{BF7B350D-943B-467A-BBE2-A78D081C69EB}.Debug|x86.ActiveCfg = Debug|x86
		{BF7B350D-943B-467A-BBE2-A78D081C69EB}.Debug|x86.Build.0 = Debug|x86
		{BF7B350D-943B-467A-BBE2-A78D081C69EB}.Release|x86.ActiveCfg = Release|x86
		{BF7B350D-943B-467A-BBE2-A78D081C69EB}.Release|x86.Build.0 = Release|x86
		{53DA590E-DC39-403C-B2AE-574BB5B21A7F}.Debug|x86.ActiveCfg = Debug|x86
		{53DA590E-DC39-403C-B2AE-574BB5B21A7F}.Release|x86.ActiveCfg = Release|x86
	EndGlobalSection
	GlobalSection(SolutionProperties) = preSolution
		HideSolutionNode = FALSE
	EndGlobalSection
EndGlobal
